
Microsoft Visual Studio Solution File, Format Version 12.00
# Visual Studio Version 16
VisualStudioVersion = 16.0.28917.181
MinimumVisualStudioVersion = 10.0.40219.1
Project("{9A19103F-16F7-4668-BE54-9A1E7A4F7556}") = "MoveFiles", "MoveFiles\MoveFiles.csproj", "{332C174C-41A3-4D16-AED3-B1200A940C89}"
EndProject
Project("{FAE04EC0-301F-11D3-BF4B-00C04F79EFBC}") = "MoveFilesTests", "MoveFilesTests\MoveFilesTests.csproj", "{156632CB-BE71-4CDE-B7F4-BBFD9FED02B2}"
EndProject
Global
	GlobalSection(SolutionConfigurationPlatforms) = preSolution
		Debug|Any CPU = Debug|Any CPU
		Release|Any CPU = Release|Any CPU
	EndGlobalSection
	GlobalSection(ProjectConfigurationPlatforms) = postSolution
		{332C174C-41A3-4D16-AED3-B1200A940C89}.Debug|Any CPU.ActiveCfg = Debug|Any CPU
		{332C174C-41A3-4D16-AED3-B1200A940C89}.Debug|Any CPU.Build.0 = Debug|Any CPU
		{332C174C-41A3-4D16-AED3-B1200A940C89}.Release|Any CPU.ActiveCfg = Release|Any CPU
		{332C174C-41A3-4D16-AED3-B1200A940C89}.Release|Any CPU.Build.0 = Release|Any CPU
		{156632CB-BE71-4CDE-B7F4-BBFD9FED02B2}.Debug|Any CPU.ActiveCfg = Debug|Any CPU
		{156632CB-BE71-4CDE-B7F4-BBFD9FED02B2}.Debug|Any CPU.Build.0 = Debug|Any CPU
		{156632CB-BE71-4CDE-B7F4-BBFD9FED02B2}.Release|Any CPU.ActiveCfg = Release|Any CPU
		{156632CB-BE71-4CDE-B7F4-BBFD9FED02B2}.Release|Any CPU.Build.0 = Release|Any CPU
	EndGlobalSection
	GlobalSection(SolutionProperties) = preSolution
		HideSolutionNode = FALSE
	EndGlobalSection
	GlobalSection(ExtensibilityGlobals) = postSolution
		SolutionGuid = {6F74122E-241E-4530-898B-5518C9E7D471}
	EndGlobalSection
EndGlobal
